lockfileVersion: '9.0'

settings:
  autoInstallPeers: true
  excludeLinksFromLockfile: false

importers:

  .:
    dependencies:
      google-protobuf:
        specifier: ^3.21.4
        version: 3.21.4
      grpc-web:
        specifier: ^1.5.0
        version: 1.5.0

packages:

  google-protobuf@3.21.4:
    resolution: {integrity: sha512-MnG7N936zcKTco4Jd2PX2U96Kf9PxygAPKBug+74LHzmHXmceN16MmRcdgZv+DGef/S9YvQAfRsNCn4cjf9yyQ==}

  grpc-web@1.5.0:
    resolution: {integrity: sha512-y1tS3BBIoiVSzKTDF3Hm7E8hV2n7YY7pO0Uo7depfWJqKzWE+SKr0jvHNIJsJJYILQlpYShpi/DRJJMbosgDMQ==}

snapshots:

  google-protobuf@3.21.4: {}

  grpc-web@1.5.0: {}
